
Microsoft Visual Studio Solution File, Format Version 12.00
# Visual Studio Version 17
VisualStudioVersion = 17.0.31903.59
MinimumVisualStudioVersion = 10.0.40219.1
Project("{2150E333-8FDC-42A3-9474-1A3956D46DE8}") = "src", "src", "{4A95391F-80EA-4ADA-967C-7D0D509F9B1B}"
EndProject
Project("{FAE04EC0-301F-11D3-BF4B-00C04F79EFBC}") = "AuctionService", "src\AuctionService\AuctionService.csproj", "{1AF2EBE9-EC79-4C76-9500-28B1276260E8}"
EndProject
Project("{FAE04EC0-301F-11D3-BF4B-00C04F79EFBC}") = "SearchService", "src\SearchService\SearchService.csproj", "{A15A743C-9AF2-4972-8F27-7E901529FEBE}"
EndProject
Project("{FAE04EC0-301F-11D3-BF4B-00C04F79EFBC}") = "Contracts", "src\Contracts\Contracts.csproj", "{3B0DD773-2232-467E-A816-73C81E03AE7C}"
EndProject
Project("{FAE04EC0-301F-11D3-BF4B-00C04F79EFBC}") = "IdentityService", "src\IdentityService\IdentityService.csproj", "{E16C9534-CEC0-4278-A308-72B8D2A1E00B}"
EndProject
Project("{FAE04EC0-301F-11D3-BF4B-00C04F79EFBC}") = "GatewayService", "src\GatewayService\GatewayService.csproj", "{780512C6-1A57-431C-B0B4-EBAE31133229}"
EndProject
Project("{FAE04EC0-301F-11D3-BF4B-00C04F79EFBC}") = "BiddingService", "src\BiddingService\BiddingService.csproj", "{CAC6D259-BA7B-4F11-9501-46CC72EF4459}"
EndProject
Project("{FAE04EC0-301F-11D3-BF4B-00C04F79EFBC}") = "NotificationService", "src\NotificationService\NotificationService.csproj", "{38E98249-249F-4F85-B909-61E7B0C39572}"
EndProject
Global
	GlobalSection(SolutionConfigurationPlatforms) = preSolution
		Debug|Any CPU = Debug|Any CPU
		Release|Any CPU = Release|Any CPU
	EndGlobalSection
	GlobalSection(SolutionProperties) = preSolution
		HideSolutionNode = FALSE
	EndGlobalSection
	GlobalSection(ProjectConfigurationPlatforms) = postSolution
		{1AF2EBE9-EC79-4C76-9500-28B1276260E8}.Debug|Any CPU.ActiveCfg = Debug|Any CPU
		{1AF2EBE9-EC79-4C76-9500-28B1276260E8}.Debug|Any CPU.Build.0 = Debug|Any CPU
		{1AF2EBE9-EC79-4C76-9500-28B1276260E8}.Release|Any CPU.ActiveCfg = Release|Any CPU
		{1AF2EBE9-EC79-4C76-9500-28B1276260E8}.Release|Any CPU.Build.0 = Release|Any CPU
		{A15A743C-9AF2-4972-8F27-7E901529FEBE}.Debug|Any CPU.ActiveCfg = Debug|Any CPU
		{A15A743C-9AF2-4972-8F27-7E901529FEBE}.Debug|Any CPU.Build.0 = Debug|Any CPU
		{A15A743C-9AF2-4972-8F27-7E901529FEBE}.Release|Any CPU.ActiveCfg = Release|Any CPU
		{A15A743C-9AF2-4972-8F27-7E901529FEBE}.Release|Any CPU.Build.0 = Release|Any CPU
		{3B0DD773-2232-467E-A816-73C81E03AE7C}.Debug|Any CPU.ActiveCfg = Debug|Any CPU
		{3B0DD773-2232-467E-A816-73C81E03AE7C}.Debug|Any CPU.Build.0 = Debug|Any CPU
		{3B0DD773-2232-467E-A816-73C81E03AE7C}.Release|Any CPU.ActiveCfg = Release|Any CPU
		{3B0DD773-2232-467E-A816-73C81E03AE7C}.Release|Any CPU.Build.0 = Release|Any CPU
		{E16C9534-CEC0-4278-A308-72B8D2A1E00B}.Debug|Any CPU.ActiveCfg = Debug|Any CPU
		{E16C9534-CEC0-4278-A308-72B8D2A1E00B}.Debug|Any CPU.Build.0 = Debug|Any CPU
		{E16C9534-CEC0-4278-A308-72B8D2A1E00B}.Release|Any CPU.ActiveCfg = Release|Any CPU
		{E16C9534-CEC0-4278-A308-72B8D2A1E00B}.Release|Any CPU.Build.0 = Release|Any CPU
		{780512C6-1A57-431C-B0B4-EBAE31133229}.Debug|Any CPU.ActiveCfg = Debug|Any CPU
		{780512C6-1A57-431C-B0B4-EBAE31133229}.Debug|Any CPU.Build.0 = Debug|Any CPU
		{780512C6-1A57-431C-B0B4-EBAE31133229}.Release|Any CPU.ActiveCfg = Release|Any CPU
		{780512C6-1A57-431C-B0B4-EBAE31133229}.Release|Any CPU.Build.0 = Release|Any CPU
		{CAC6D259-BA7B-4F11-9501-46CC72EF4459}.Debug|Any CPU.ActiveCfg = Debug|Any CPU
		{CAC6D259-BA7B-4F11-9501-46CC72EF4459}.Debug|Any CPU.Build.0 = Debug|Any CPU
		{CAC6D259-BA7B-4F11-9501-46CC72EF4459}.Release|Any CPU.ActiveCfg = Release|Any CPU
		{CAC6D259-BA7B-4F11-9501-46CC72EF4459}.Release|Any CPU.Build.0 = Release|Any CPU
		{38E98249-249F-4F85-B909-61E7B0C39572}.Debug|Any CPU.ActiveCfg = Debug|Any CPU
		{38E98249-249F-4F85-B909-61E7B0C39572}.Debug|Any CPU.Build.0 = Debug|Any CPU
		{38E98249-249F-4F85-B909-61E7B0C39572}.Release|Any CPU.ActiveCfg = Release|Any CPU
		{38E98249-249F-4F85-B909-61E7B0C39572}.Release|Any CPU.Build.0 = Release|Any CPU
	EndGlobalSection
	GlobalSection(NestedProjects) = preSolution
		{1AF2EBE9-EC79-4C76-9500-28B1276260E8} = {4A95391F-80EA-4ADA-967C-7D0D509F9B1B}
		{A15A743C-9AF2-4972-8F27-7E901529FEBE} = {4A95391F-80EA-4ADA-967C-7D0D509F9B1B}
		{3B0DD773-2232-467E-A816-73C81E03AE7C} = {4A95391F-80EA-4ADA-967C-7D0D509F9B1B}
		{E16C9534-CEC0-4278-A308-72B8D2A1E00B} = {4A95391F-80EA-4ADA-967C-7D0D509F9B1B}
		{780512C6-1A57-431C-B0B4-EBAE31133229} = {4A95391F-80EA-4ADA-967C-7D0D509F9B1B}
		{CAC6D259-BA7B-4F11-9501-46CC72EF4459} = {4A95391F-80EA-4ADA-967C-7D0D509F9B1B}
		{38E98249-249F-4F85-B909-61E7B0C39572} = {4A95391F-80EA-4ADA-967C-7D0D509F9B1B}
	EndGlobalSection
EndGlobal
